// !$*UTF8*$!
{
	archiveVersion = 1;
	classes = {
	};
	objectVersion = 50;
	objects = {

/* Begin PBXBuildFile section */
		327B45BC23D2F32B00B775FA /* AppDelegate.swift in Sources */ = {isa = PBXBuildFile; fileRef = 327B45BB23D2F32B00B775FA /* AppDelegate.swift */; };
		327B45BE23D2F32B00B775FA /* SceneDelegate.swift in Sources */ = {isa = PBXBuildFile; fileRef = 327B45BD23D2F32B00B775FA /* SceneDelegate.swift */; };
		327B45C023D2F32B00B775FA /* ViewController.swift in Sources */ = {isa = PBXBuildFile; fileRef = 327B45BF23D2F32B00B775FA /* ViewController.swift */; };
		327B45C323D2F32B00B775FA /* Main.storyboard in Resources */ = {isa = PBXBuildFile; fileRef = 327B45C123D2F32B00B775FA /* Main.storyboard */; };
		327B45C523D2F32D00B775FA /* Assets.xcassets in Resources */ = {isa = PBXBuildFile; fileRef = 327B45C423D2F32D00B775FA /* Assets.xcassets */; };
		327B45C823D2F32D00B775FA /* LaunchScreen.storyboard in Resources */ = {isa = PBXBuildFile; fileRef = 327B45C623D2F32D00B775FA /* LaunchScreen.storyboard */; };
		327B45D323D2F32D00B775FA /* MyFirstAppTests.swift in Sources */ = {isa = PBXBuildFile; fileRef = 327B45D223D2F32D00B775FA /* MyFirstAppTests.swift */; };
		327B45DE23D2F32D00B775FA /* MyFirstAppUITests.swift in Sources */ = {isa = PBXBuildFile; fileRef = 327B45DD23D2F32D00B775FA /* MyFirstAppUITests.swift */; };
/* End PBXBuildFile section */

/* Begin PBXContainerItemProxy section */
		327B45CF23D2F32D00B775FA /* PBXContainerItemProxy */ = {
			isa = PBXContainerItemProxy;
			containerPortal = 327B45B023D2F32B00B775FA /* Project object */;
			proxyType = 1;
			remoteGlobalIDString = 327B45B723D2F32B00B775FA;
			remoteInfo = MyFirstApp;
		};
		327B45DA23D2F32D00B775FA /* PBXContainerItemProxy */ = {
			isa = PBXContainerItemProxy;
			containerPortal = 327B45B023D2F32B00B775FA /* Project object */;
			proxyType = 1;
			remoteGlobalIDString = 327B45B723D2F32B00B775FA;
			remoteInfo = MyFirstApp;
		};
/* End PBXContainerItemProxy section */

/* Begin PBXFileReference section */
		327B45B823D2F32B00B775FA /* MyFirstApp.app */ = {isa = PBXFileReference; explicitFileType = wrapper.application; includeInIndex = 0; path = MyFirstApp.app; sourceTree = BUILT_PRODUCTS_DIR; };
		327B45BB23D2F32B00B775FA /* AppDelegate.swift */ = {isa = PBXFileReference; lastKnownFileType = sourcecode.swift; path = AppDelegate.swift; sourceTree = "<group>"; };
		327B45BD23D2F32B00B775FA /* SceneDelegate.swift */ = {isa = PBXFileReference; lastKnownFileType = sourcecode.swift; path = SceneDelegate.swift; sourceTree = "<group>"; };
		327B45BF23D2F32B00B775FA /* ViewController.swift */ = {isa = PBXFileReference; lastKnownFileType = sourcecode.swift; path = ViewController.swift; sourceTree = "<group>"; };
		327B45C223D2F32B00B775FA /* Base */ = {isa = PBXFileReference; lastKnownFileType = file.storyboard; name = Base; path = Base.lproj/Main.storyboard; sourceTree = "<group>"; };
		327B45C423D2F32D00B775FA /* Assets.xcassets */ = {isa = PBXFileReference; lastKnownFileType = folder.assetcatalog; path = Assets.xcassets; sourceTree = "<group>"; };
		327B45C723D2F32D00B775FA /* Base */ = {isa = PBXFileReference; lastKnownFileType = file.storyboard; name = Base; path = Base.lproj/LaunchScreen.storyboard; sourceTree = "<group>"; };
		327B45C923D2F32D00B775FA /* Info.plist */ = {isa = PBXFileReference; lastKnownFileType = text.plist.xml; path = Info.plist; sourceTree = "<group>"; };
		327B45CE23D2F32D00B775FA /* MyFirstAppTests.xctest */ = {isa = PBXFileReference; explicitFileType = wrapper.cfbundle; includeInIndex = 0; path = MyFirstAppTests.xctest; sourceTree = BUILT_PRODUCTS_DIR; };
		327B45D223D2F32D00B775FA /* MyFirstAppTests.swift */ = {isa = PBXFileReference; lastKnownFileType = sourcecode.swift; path = MyFirstAppTests.swift; sourceTree = "<group>"; };
		327B45D423D2F32D00B775FA /* Info.plist */ = {isa = PBXFileReference; lastKnownFileType = text.plist.xml; path = Info.plist; sourceTree = "<group>"; };
		327B45D923D2F32D00B775FA /* MyFirstAppUITests.xctest */ = {isa = PBXFileReference; explicitFileType = wrapper.cfbundle; includeInIndex = 0; path = MyFirstAppUITests.xctest; sourceTree = BUILT_PRODUCTS_DIR; };
		327B45DD23D2F32D00B775FA /* MyFirstAppUITests.swift */ = {isa = PBXFileReference; lastKnownFileType = sourcecode.swift; path = MyFirstAppUITests.swift; sourceTree = "<group>"; };
		327B45DF23D2F32D00B775FA /* Info.plist */ = {isa = PBXFileReference; lastKnownFileType = text.plist.xml; path = Info.plist; sourceTree = "<group>"; };
/* End PBXFileReference section */

/* Begin PBXFrameworksBuildPhase section */
		327B45B523D2F32B00B775FA /* Frameworks */ = {
			isa = PBXFrameworksBuildPhase;
			buildActionMask = 2147483647;
			files = (
			);
			runOnlyForDeploymentPostprocessing = 0;
		};
		327B45CB23D2F32D00B775FA /* Frameworks */ = {
			isa = PBXFrameworksBuildPhase;
			buildActionMask = 2147483647;
			files = (
			);
			runOnlyForDeploymentPostprocessing = 0;
		};
		327B45D623D2F32D00B775FA /* Frameworks */ = {
			isa = PBXFrameworksBuildPhase;
			buildActionMask = 2147483647;
			files = (
			);
			runOnlyForDeploymentPostprocessing = 0;
		};
/* End PBXFrameworksBuildPhase section */

/* Begin PBXGroup section */
		327B45AF23D2F32B00B775FA = {
			isa = PBXGroup;
			children = (
				327B45BA23D2F32B00B775FA /* MyFirstApp */,
				327B45D123D2F32D00B775FA /* MyFirstAppTests */,
				327B45DC23D2F32D00B775FA /* MyFirstAppUITests */,
				327B45B923D2F32B00B775FA /* Products */,
			);
			sourceTree = "<group>";
		};
		327B45B923D2F32B00B775FA /* Products */ = {
			isa = PBXGroup;
			children = (
				327B45B823D2F32B00B775FA /* MyFirstApp.app */,
				327B45CE23D2F32D00B775FA /* MyFirstAppTests.xctest */,
				327B45D923D2F32D00B775FA /* MyFirstAppUITests.xctest */,
			);
			name = Products;
			sourceTree = "<group>";
		};
		327B45BA23D2F32B00B775FA /* MyFirstApp */ = {
			isa = PBXGroup;
			children = (
				327B45BB23D2F32B00B775FA /* AppDelegate.swift */,
				327B45BD23D2F32B00B775FA /* SceneDelegate.swift */,
				327B45BF23D2F32B00B775FA /* ViewController.swift */,
				327B45C123D2F32B00B775FA /* Main.storyboard */,
				327B45C423D2F32D00B775FA /* Assets.xcassets */,
				327B45C623D2F32D00B775FA /* LaunchScreen.storyboard */,
				327B45C923D2F32D00B775FA /* Info.plist */,
			);
			path = MyFirstApp;
			sourceTree = "<group>";
		};
		327B45D123D2F32D00B775FA /* MyFirstAppTests */ = {
			isa = PBXGroup;
			children = (
				327B45D223D2F32D00B775FA /* MyFirstAppTests.swift */,
				327B45D423D2F32D00B775FA /* Info.plist */,
			);
			path = MyFirstAppTests;
			sourceTree = "<group>";
		};
		327B45DC23D2F32D00B775FA /* MyFirstAppUITests */ = {
			isa = PBXGroup;
			children = (
				327B45DD23D2F32D00B775FA /* MyFirstAppUITests.swift */,
				327B45DF23D2F32D00B775FA /* Info.plist */,
			);
			path = MyFirstAppUITests;
			sourceTree = "<group>";
		};
/* End PBXGroup section */

/* Begin PBXNativeTarget section */
		327B45B723D2F32B00B775FA /* MyFirstApp */ = {
			isa = PBXNativeTarget;
			buildConfigurationList = 327B45E223D2F32D00B775FA /* Build configuration list for PBXNativeTarget "MyFirstApp" */;
			buildPhases = (
				327B45B423D2F32B00B775FA /* Sources */,
				327B45B523D2F32B00B775FA /* Frameworks */,
				327B45B623D2F32B00B775FA /* Resources */,
			);
			buildRules = (
			);
			dependencies = (
			);
			name = MyFirstApp;
			productName = MyFirstApp;
			productReference = 327B45B823D2F32B00B775FA /* MyFirstApp.app */;
			productType = "com.apple.product-type.application";
		};
		327B45CD23D2F32D00B775FA /* MyFirstAppTests */ = {
			isa = PBXNativeTarget;
			buildConfigurationList = 327B45E523D2F32D00B775FA /* Build configuration list for PBXNativeTarget "MyFirstAppTests" */;
			buildPhases = (
				327B45CA23D2F32D00B775FA /* Sources */,
				327B45CB23D2F32D00B775FA /* Frameworks */,
				327B45CC23D2F32D00B775FA /* Resources */,
			);
			buildRules = (
			);
			dependencies = (
				327B45D023D2F32D00B775FA /* PBXTargetDependency */,
			);
			name = MyFirstAppTests;
			productName = MyFirstAppTests;
			productReference = 327B45CE23D2F32D00B775FA /* MyFirstAppTests.xctest */;
			productType = "com.apple.product-type.bundle.unit-test";
		};
		327B45D823D2F32D00B775FA /* MyFirstAppUITests */ = {
			isa = PBXNativeTarget;
			buildConfigurationList = 327B45E823D2F32D00B775FA /* Build configuration list for PBXNativeTarget "MyFirstAppUITests" */;
			buildPhases = (
				327B45D523D2F32D00B775FA /* Sources */,
				327B45D623D2F32D00B775FA /* Frameworks */,
				327B45D723D2F32D00B775FA /* Resources */,
			);
			buildRules = (
			);
			dependencies = (
				327B45DB23D2F32D00B775FA /* PBXTargetDependency */,
			);
			name = MyFirstAppUITests;
			productName = MyFirstAppUITests;
			productReference = 327B45D923D2F32D00B775FA /* MyFirstAppUITests.xctest */;
			productType = "com.apple.product-type.bundle.ui-testing";
		};
/* End PBXNativeTarget section */

/* Begin PBXProject section */
		327B45B023D2F32B00B775FA /* Project object */ = {
			isa = PBXProject;
			attributes = {
				LastSwiftUpdateCheck = 1130;
				LastUpgradeCheck = 1130;
				ORGANIZATIONNAME = "Vedat Bilaloglu";
				TargetAttributes = {
					327B45B723D2F32B00B775FA = {
						CreatedOnToolsVersion = 11.3.1;
					};
					327B45CD23D2F32D00B775FA = {
						CreatedOnToolsVersion = 11.3.1;
						TestTargetID = 327B45B723D2F32B00B775FA;
					};
					327B45D823D2F32D00B775FA = {
						CreatedOnToolsVersion = 11.3.1;
						TestTargetID = 327B45B723D2F32B00B775FA;
					};
				};
			};
			buildConfigurationList = 327B45B323D2F32B00B775FA /* Build configuration list for PBXProject "MyFirstApp" */;
			compatibilityVersion = "Xcode 9.3";
			developmentRegion = en;
			hasScannedForEncodings = 0;
			knownRegions = (
				en,
				Base,
			);
			mainGroup = 327B45AF23D2F32B00B775FA;
			productRefGroup = 327B45B923D2F32B00B775FA /* Products */;
			projectDirPath = "";
			projectRoot = "";
			targets = (
				327B45B723D2F32B00B775FA /* MyFirstApp */,
				327B45CD23D2F32D00B775FA /* MyFirstAppTests */,
				327B45D823D2F32D00B775FA /* MyFirstAppUITests */,
			);
		};
/* End PBXProject section */

/* Begin PBXResourcesBuildPhase section */
		327B45B623D2F32B00B775FA /* Resources */ = {
			isa = PBXResourcesBuildPhase;
			buildActionMask = 2147483647;
			files = (
				327B45C823D2F32D00B775FA /* LaunchScreen.storyboard in Resources */,
				327B45C523D2F32D00B775FA /* Assets.xcassets in Resources */,
				327B45C323D2F32B00B775FA /* Main.storyboard in Resources */,
			);
			runOnlyForDeploymentPostprocessing = 0;
		};
		327B45CC23D2F32D00B775FA /* Resources */ = {
			isa = PBXResourcesBuildPhase;
			buildActionMask = 2147483647;
			files = (
			);
			runOnlyForDeploymentPostprocessing = 0;
		};
		327B45D723D2F32D00B775FA /* Resources */ = {
			isa = PBXResourcesBuildPhase;
			buildActionMask = 2147483647;
			files = (
			);
			runOnlyForDeploymentPostprocessing = 0;
		};
/* End PBXResourcesBuildPhase section */

/* Begin PBXSourcesBuildPhase section */
		327B45B423D2F32B00B775FA /* Sources */ = {
			isa = PBXSourcesBuildPhase;
			buildActionMask = 2147483647;
			files = (
				327B45C023D2F32B00B775FA /* ViewController.swift in Sources */,
				327B45BC23D2F32B00B775FA /* AppDelegate.swift in Sources */,
				327B45BE23D2F32B00B775FA /* SceneDelegate.swift in Sources */,
			);
			runOnlyForDeploymentPostprocessing = 0;
		};
		327B45CA23D2F32D00B775FA /* Sources */ = {
			isa = PBXSourcesBuildPhase;
			buildActionMask = 2147483647;
			files = (
				327B45D323D2F32D00B775FA /* MyFirstAppTests.swift in Sources */,
			);
			runOnlyForDeploymentPostprocessing = 0;
		};
		327B45D523D2F32D00B775FA /* Sources */ = {
			isa = PBXSourcesBuildPhase;
			buildActionMask = 2147483647;
			files = (
				327B45DE23D2F32D00B775FA /* MyFirstAppUITests.swift in Sources */,
			);
			runOnlyForDeploymentPostprocessing = 0;
		};
/* End PBXSourcesBuildPhase section */

/* Begin PBXTargetDependency section */
		327B45D023D2F32D00B775FA /* PBXTargetDependency */ = {
			isa = PBXTargetDependency;
			target = 327B45B723D2F32B00B775FA /* MyFirstApp */;
			targetProxy = 327B45CF23D2F32D00B775FA /* PBXContainerItemProxy */;
		};
		327B45DB23D2F32D00B775FA /* PBXTargetDependency */ = {
			isa = PBXTargetDependency;
			target = 327B45B723D2F32B00B775FA /* MyFirstApp */;
			targetProxy = 327B45DA23D2F32D00B775FA /* PBXContainerItemProxy */;
		};
/* End PBXTargetDependency section */

/* Begin PBXVariantGroup section */
		327B45C123D2F32B00B775FA /* Main.storyboard */ = {
			isa = PBXVariantGroup;
			children = (
				327B45C223D2F32B00B775FA /* Base */,
			);
			name = Main.storyboard;
			sourceTree = "<group>";
		};
		327B45C623D2F32D00B775FA /* LaunchScreen.storyboard */ = {
			isa = PBXVariantGroup;
			children = (
				327B45C723D2F32D00B775FA /* Base */,
			);
			name = LaunchScreen.storyboard;
			sourceTree = "<group>";
		};
/* End PBXVariantGroup section */

/* Begin XCBuildConfiguration section */
		327B45E023D2F32D00B775FA /* Debug */ = {
			isa = XCBuildConfiguration;
			buildSettings = {
				ALWAYS_SEARCH_USER_PATHS = NO;
				CLANG_ANALYZER_NONNULL = YES;
				CLANG_ANALYZER_NUMBER_OBJECT_CONVERSION = YES_AGGRESSIVE;
				CLANG_CXX_LANGUAGE_STANDARD = "gnu++14";
				CLANG_CXX_LIBRARY = "libc++";
				CLANG_ENABLE_MODULES = YES;
				CLANG_ENABLE_OBJC_ARC = YES;
				CLANG_ENABLE_OBJC_WEAK = YES;
				CLANG_WARN_BLOCK_CAPTURE_AUTORELEASING = YES;
				CLANG_WARN_BOOL_CONVERSION = YES;
				CLANG_WARN_COMMA = YES;
				CLANG_WARN_CONSTANT_CONVERSION = YES;
				CLANG_WARN_DEPRECATED_OBJC_IMPLEMENTATIONS = YES;
				CLANG_WARN_DIRECT_OBJC_ISA_USAGE = YES_ERROR;
				CLANG_WARN_DOCUMENTATION_COMMENTS = YES;
				CLANG_WARN_EMPTY_BODY = YES;
				CLANG_WARN_ENUM_CONVERSION = YES;
				CLANG_WARN_INFINITE_RECURSION = YES;
				CLANG_WARN_INT_CONVERSION = YES;
				CLANG_WARN_NON_LITERAL_NULL_CONVERSION = YES;
				CLANG_WARN_OBJC_IMPLICIT_RETAIN_SELF = YES;
				CLANG_WARN_OBJC_LITERAL_CONVERSION = YES;
				CLANG_WARN_OBJC_ROOT_CLASS = YES_ERROR;
				CLANG_WARN_RANGE_LOOP_ANALYSIS = YES;
				CLANG_WARN_STRICT_PROTOTYPES = YES;
				CLANG_WARN_SUSPICIOUS_MOVE = YES;
				CLANG_WARN_UNGUARDED_AVAILABILITY = YES_AGGRESSIVE;
				CLANG_WARN_UNREACHABLE_CODE = YES;
				CLANG_WARN__DUPLICATE_METHOD_MATCH = YES;
				COPY_PHASE_STRIP = NO;
				DEBUG_INFORMATION_FORMAT = dwarf;
				ENABLE_STRICT_OBJC_MSGSEND = YES;
				ENABLE_TESTABILITY = YES;
				GCC_C_LANGUAGE_STANDARD = gnu11;
				GCC_DYNAMIC_NO_PIC = NO;
				GCC_NO_COMMON_BLOCKS = YES;
				GCC_OPTIMIZATION_LEVEL = 0;
				GCC_PREPROCESSOR_DEFINITIONS = (
					"DEBUG=1",
					"$(inherited)",
				);
				GCC_WARN_64_TO_32_BIT_CONVERSION = YES;
				GCC_WARN_ABOUT_RETURN_TYPE = YES_ERROR;
				GCC_WARN_UNDECLARED_SELECTOR = YES;
				GCC_WARN_UNINITIALIZED_AUTOS = YES_AGGRESSIVE;
				GCC_WARN_UNUSED_FUNCTION = YES;
				GCC_WARN_UNUSED_VARIABLE = YES;
				IPHONEOS_DEPLOYMENT_TARGET = 13.2;
				MTL_ENABLE_DEBUG_INFO = INCLUDE_SOURCE;
				MTL_FAST_MATH = YES;
				ONLY_ACTIVE_ARCH = YES;
				SDKROOT = iphoneos;
				SWIFT_ACTIVE_COMPILATION_CONDITIONS = DEBUG;
				SWIFT_OPTIMIZATION_LEVEL = "-Onone";
			};
			name = Debug;
		};
		327B45E123D2F32D00B775FA /* Release */ = {
			isa = XCBuildConfiguration;
			buildSettings = {
				ALWAYS_SEARCH_USER_PATHS = NO;
				CLANG_ANALYZER_NONNULL = YES;
				CLANG_ANALYZER_NUMBER_OBJECT_CONVERSION = YES_AGGRESSIVE;
				CLANG_CXX_LANGUAGE_STANDARD = "gnu++14";
				CLANG_CXX_LIBRARY = "libc++";
				CLANG_ENABLE_MODULES = YES;
				CLANG_ENABLE_OBJC_ARC = YES;
				CLANG_ENABLE_OBJC_WEAK = YES;
				CLANG_WARN_BLOCK_CAPTURE_AUTORELEASING = YES;
				CLANG_WARN_BOOL_CONVERSION = YES;
				CLANG_WARN_COMMA = YES;
				CLANG_WARN_CONSTANT_CONVERSION = YES;
				CLANG_WARN_DEPRECATED_OBJC_IMPLEMENTATIONS = YES;
				CLANG_WARN_DIRECT_OBJC_ISA_USAGE = YES_ERROR;
				CLANG_WARN_DOCUMENTATION_COMMENTS = YES;
				CLANG_WARN_EMPTY_BODY = YES;
				CLANG_WARN_ENUM_CONVERSION = YES;
				CLANG_WARN_INFINITE_RECURSION = YES;
				CLANG_WARN_INT_CONVERSION = YES;
				CLANG_WARN_NON_LITERAL_NULL_CONVERSION = YES;
				CLANG_WARN_OBJC_IMPLICIT_RETAIN_SELF = YES;
				CLANG_WARN_OBJC_LITERAL_CONVERSION = YES;
				CLANG_WARN_OBJC_ROOT_CLASS = YES_ERROR;
				CLANG_WARN_RANGE_LOOP_ANALYSIS = YES;
				CLANG_WARN_STRICT_PROTOTYPES = YES;
				CLANG_WARN_SUSPICIOUS_MOVE = YES;
				CLANG_WARN_UNGUARDED_AVAILABILITY = YES_AGGRESSIVE;
				CLANG_WARN_UNREACHABLE_CODE = YES;
				CLANG_WARN__DUPLICATE_METHOD_MATCH = YES;
				COPY_PHASE_STRIP = NO;
				DEBUG_INFORMATION_FORMAT = "dwarf-with-dsym";
				ENABLE_NS_ASSERTIONS = NO;
				ENABLE_STRICT_OBJC_MSGSEND = YES;
				GCC_C_LANGUAGE_STANDARD = gnu11;
				GCC_NO_COMMON_BLOCKS = YES;
				GCC_WARN_64_TO_32_BIT_CONVERSION = YES;
				GCC_WARN_ABOUT_RETURN_TYPE = YES_ERROR;
				GCC_WARN_UNDECLARED_SELECTOR = YES;
				GCC_WARN_UNINITIALIZED_AUTOS = YES_AGGRESSIVE;
				GCC_WARN_UNUSED_FUNCTION = YES;
				GCC_WARN_UNUSED_VARIABLE = YES;
				IPHONEOS_DEPLOYMENT_TARGET = 13.2;
				MTL_ENABLE_DEBUG_INFO = NO;
				MTL_FAST_MATH = YES;
				SDKROOT = iphoneos;
				SWIFT_COMPILATION_MODE = wholemodule;
				SWIFT_OPTIMIZATION_LEVEL = "-O";
				VALIDATE_PRODUCT = YES;
			};
			name = Release;
		};
		327B45E323D2F32D00B775FA /* Debug */ = {
			isa = XCBuildConfiguration;
			buildSettings = {
				ASSETCATALOG_COMPILER_APPICON_NAME = AppIcon;
				CODE_SIGN_STYLE = Automatic;
				DEVELOPMENT_TEAM = B6QFMTJG7G;
				INFOPLIST_FILE = MyFirstApp/Info.plist;
				LD_RUNPATH_SEARCH_PATHS = (
					"$(inherited)",
					"@executable_path/Frameworks",
				);
				PRODUCT_BUNDLE_IDENTIFIER = com.vedatbilaloglu.MyFirstApp;
				PRODUCT_NAME = "$(TARGET_NAME)";
				SWIFT_VERSION = 5.0;
				TARGETED_DEVICE_FAMILY = "1,2";
			};
			name = Debug;
		};
		327B45E423D2F32D00B775FA /* Release */ = {
			isa = XCBuildConfiguration;
			buildSettings = {
				ASSETCATALOG_COMPILER_APPICON_NAME = AppIcon;
				CODE_SIGN_STYLE = Automatic;
				DEVELOPMENT_TEAM = B6QFMTJG7G;
				INFOPLIST_FILE = MyFirstApp/Info.plist;
				LD_RUNPATH_SEARCH_PATHS = (
					"$(inherited)",
					"@executable_path/Frameworks",
				);
				PRODUCT_BUNDLE_IDENTIFIER = com.vedatbilaloglu.MyFirstApp;
				PRODUCT_NAME = "$(TARGET_NAME)";
				SWIFT_VERSION = 5.0;
				TARGETED_DEVICE_FAMILY = "1,2";
			};
			name = Release;
		};
		327B45E623D2F32D00B775FA /* Debug */ = {
			isa = XCBuildConfiguration;
			buildSettings = {
				ALWAYS_EMBED_SWIFT_STANDARD_LIBRARIES = YES;
				BUNDLE_LOADER = "$(TEST_HOST)";
				CODE_SIGN_STYLE = Automatic;
				DEVELOPMENT_TEAM = B6QFMTJG7G;
				INFOPLIST_FILE = MyFirstAppTests/Info.plist;
				IPHONEOS_DEPLOYMENT_TARGET = 13.2;
				LD_RUNPATH_SEARCH_PATHS = (
					"$(inherited)",
					"@executable_path/Frameworks",
					"@loader_path/Frameworks",
				);
				PRODUCT_BUNDLE_IDENTIFIER = com.vedatbilaloglu.MyFirstAppTests;
				PRODUCT_NAME = "$(TARGET_NAME)";
				SWIFT_VERSION = 5.0;
				TARGETED_DEVICE_FAMILY = "1,2";
				TEST_HOST = "$(BUILT_PRODUCTS_DIR)/MyFirstApp.app/MyFirstApp";
			};
			name = Debug;
		};
		327B45E723D2F32D00B775FA /* Release */ = {
			isa = XCBuildConfiguration;
			buildSettings = {
				ALWAYS_EMBED_SWIFT_STANDARD_LIBRARIES = YES;
				BUNDLE_LOADER = "$(TEST_HOST)";
				CODE_SIGN_STYLE = Automatic;
				DEVELOPMENT_TEAM = B6QFMTJG7G;
				INFOPLIST_FILE = MyFirstAppTests/Info.plist;
				IPHONEOS_DEPLOYMENT_TARGET = 13.2;
				LD_RUNPATH_SEARCH_PATHS = (
					"$(inherited)",
					"@executable_path/Frameworks",
					"@loader_path/Frameworks",
				);
				PRODUCT_BUNDLE_IDENTIFIER = com.vedatbilaloglu.MyFirstAppTests;
				PRODUCT_NAME = "$(TARGET_NAME)";
				SWIFT_VERSION = 5.0;
				TARGETED_DEVICE_FAMILY = "1,2";
				TEST_HOST = "$(BUILT_PRODUCTS_DIR)/MyFirstApp.app/MyFirstApp";
			};
			name = Release;
		};
		327B45E923D2F32D00B775FA /* Debug */ = {
			isa = XCBuildConfiguration;
			buildSettings = {
				ALWAYS_EMBED_SWIFT_STANDARD_LIBRARIES = YES;
				CODE_SIGN_STYLE = Automatic;
				DEVELOPMENT_TEAM = B6QFMTJG7G;
				INFOPLIST_FILE = MyFirstAppUITests/Info.plist;
				LD_RUNPATH_SEARCH_PATHS = (
					"$(inherited)",
					"@executable_path/Frameworks",
					"@loader_path/Frameworks",
				);
				PRODUCT_BUNDLE_IDENTIFIER = com.vedatbilaloglu.MyFirstAppUITests;
				PRODUCT_NAME = "$(TARGET_NAME)";
				SWIFT_VERSION = 5.0;
				TARGETED_DEVICE_FAMILY = "1,2";
				TEST_TARGET_NAME = MyFirstApp;
			};
			name = Debug;
		};
		327B45EA23D2F32D00B775FA /* Release */ = {
			isa = XCBuildConfiguration;
			buildSettings = {
				ALWAYS_EMBED_SWIFT_STANDARD_LIBRARIES = YES;
				CODE_SIGN_STYLE = Automatic;
				DEVELOPMENT_TEAM = B6QFMTJG7G;
				INFOPLIST_FILE = MyFirstAppUITests/Info.plist;
				LD_RUNPATH_SEARCH_PATHS = (
					"$(inherited)",
					"@executable_path/Frameworks",
					"@loader_path/Frameworks",
				);
				PRODUCT_BUNDLE_IDENTIFIER = com.vedatbilaloglu.MyFirstAppUITests;
				PRODUCT_NAME = "$(TARGET_NAME)";
				SWIFT_VERSION = 5.0;
				TARGETED_DEVICE_FAMILY = "1,2";
				TEST_TARGET_NAME = MyFirstApp;
			};
			name = Release;
		};
/* End XCBuildConfiguration section */

/* Begin XCConfigurationList section */
		327B45B323D2F32B00B775FA /* Build configuration list for PBXProject "MyFirstApp" */ = {
			isa = XCConfigurationList;
			buildConfigurations = (
				327B45E023D2F32D00B775FA /* Debug */,
				327B45E123D2F32D00B775FA /* Release */,
			);
			defaultConfigurationIsVisible = 0;
			defaultConfigurationName = Release;
		};
		327B45E223D2F32D00B775FA /* Build configuration list for PBXNativeTarget "MyFirstApp" */ = {
			isa = XCConfigurationList;
			buildConfigurations = (
				327B45E323D2F32D00B775FA /* Debug */,
				327B45E423D2F32D00B775FA /* Release */,
			);
			defaultConfigurationIsVisible = 0;
			defaultConfigurationName = Release;
		};
		327B45E523D2F32D00B775FA /* Build configuration list for PBXNativeTarget "MyFirstAppTests" */ = {
			isa = XCConfigurationList;
			buildConfigurations = (
				327B45E623D2F32D00B775FA /* Debug */,
				327B45E723D2F32D00B775FA /* Release */,
			);
			defaultConfigurationIsVisible = 0;
			defaultConfigurationName = Release;
		};
		327B45E823D2F32D00B775FA /* Build configuration list for PBXNativeTarget "MyFirstAppUITests" */ = {
			isa = XCConfigurationList;
			buildConfigurations = (
				327B45E923D2F32D00B775FA /* Debug */,
				327B45EA23D2F32D00B775FA /* Release */,
			);
			defaultConfigurationIsVisible = 0;
			defaultConfigurationName = Release;
		};
/* End XCConfigurationList section */
	};
	rootObject = 327B45B023D2F32B00B775FA /* Project object */;
}
